
Microsoft Visual Studio Solution File, Format Version 12.00
# Visual Studio Version 17
VisualStudioVersion = 17.0.31903.59
MinimumVisualStudioVersion = 10.0.40219.1

Project("{2150E333-8FDC-42A3-9474-1A3956D46DE8}") = "src", "src", "{D76DF521-D14E-4A59-89CD-88CD0CB51398}"
EndProject
Project("{FAE04EC0-301F-11D3-BF4B-00C04F79EFBC}") = "BuberDinner.Api", "src\BuberDinner.Api\BuberDinner.Api.csproj", "{36538D5D-9777-44F7-8D14-B479894812AB}"
EndProject
Project("{FAE04EC0-301F-11D3-BF4B-00C04F79EFBC}") = "BuberDinner.Application", "src\BuberDinner.Application\BuberDinner.Application.csproj", "{8AD21877-26C3-4255-AB00-03ED325B7E1C}"
EndProject
Project("{FAE04EC0-301F-11D3-BF4B-00C04F79EFBC}") = "BuberDinner.Contracts", "src\BuberDinner.Contracts\BuberDinner.Contracts.csproj", "{80FE1CFD-A834-4319-A7A1-0625EE1D63D2}"
EndProject
Project("{FAE04EC0-301F-11D3-BF4B-00C04F79EFBC}") = "BuberDinner.Domain", "src\BuberDinner.Domain\BuberDinner.Domain.csproj", "{5BBE0426-41A3-49A4-821E-BAE61E7AB8AA}"
EndProject
Project("{FAE04EC0-301F-11D3-BF4B-00C04F79EFBC}") = "BuberDinner.Infrastructure", "src\BuberDinner.Infrastructure\BuberDinner.Infrastructure.csproj", "{576BB6B1-EBF6-4D5C-909D-912D439ECCF5}"
EndProject
Global
	GlobalSection(SolutionConfigurationPlatforms) = preSolution
		Debug|Any CPU = Debug|Any CPU
		Release|Any CPU = Release|Any CPU
	EndGlobalSection
	GlobalSection(SolutionProperties) = preSolution
		HideSolutionNode = FALSE
	EndGlobalSection
	GlobalSection(ProjectConfigurationPlatforms) = postSolution
		{36538D5D-9777-44F7-8D14-B479894812AB}.Debug|Any CPU.ActiveCfg = Debug|Any CPU
		{36538D5D-9777-44F7-8D14-B479894812AB}.Debug|Any CPU.Build.0 = Debug|Any CPU
		{36538D5D-9777-44F7-8D14-B479894812AB}.Release|Any CPU.ActiveCfg = Release|Any CPU
		{36538D5D-9777-44F7-8D14-B479894812AB}.Release|Any CPU.Build.0 = Release|Any CPU
		{8AD21877-26C3-4255-AB00-03ED325B7E1C}.Debug|Any CPU.ActiveCfg = Debug|Any CPU
		{8AD21877-26C3-4255-AB00-03ED325B7E1C}.Debug|Any CPU.Build.0 = Debug|Any CPU
		{8AD21877-26C3-4255-AB00-03ED325B7E1C}.Release|Any CPU.ActiveCfg = Release|Any CPU
		{8AD21877-26C3-4255-AB00-03ED325B7E1C}.Release|Any CPU.Build.0 = Release|Any CPU
		{80FE1CFD-A834-4319-A7A1-0625EE1D63D2}.Debug|Any CPU.ActiveCfg = Debug|Any CPU
		{80FE1CFD-A834-4319-A7A1-0625EE1D63D2}.Debug|Any CPU.Build.0 = Debug|Any CPU
		{80FE1CFD-A834-4319-A7A1-0625EE1D63D2}.Release|Any CPU.ActiveCfg = Release|Any CPU
		{80FE1CFD-A834-4319-A7A1-0625EE1D63D2}.Release|Any CPU.Build.0 = Release|Any CPU
		{5BBE0426-41A3-49A4-821E-BAE61E7AB8AA}.Debug|Any CPU.ActiveCfg = Debug|Any CPU
		{5BBE0426-41A3-49A4-821E-BAE61E7AB8AA}.Debug|Any CPU.Build.0 = Debug|Any CPU
		{5BBE0426-41A3-49A4-821E-BAE61E7AB8AA}.Release|Any CPU.ActiveCfg = Release|Any CPU
		{5BBE0426-41A3-49A4-821E-BAE61E7AB8AA}.Release|Any CPU.Build.0 = Release|Any CPU
		{576BB6B1-EBF6-4D5C-909D-912D439ECCF5}.Debug|Any CPU.ActiveCfg = Debug|Any CPU
		{576BB6B1-EBF6-4D5C-909D-912D439ECCF5}.Debug|Any CPU.Build.0 = Debug|Any CPU
		{576BB6B1-EBF6-4D5C-909D-912D439ECCF5}.Release|Any CPU.ActiveCfg = Release|Any CPU
		{576BB6B1-EBF6-4D5C-909D-912D439ECCF5}.Release|Any CPU.Build.0 = Release|Any CPU
	EndGlobalSection
	GlobalSection(NestedProjects) = preSolution
		{36538D5D-9777-44F7-8D14-B479894812AB} = {D76DF521-D14E-4A59-89CD-88CD0CB51398}
		{8AD21877-26C3-4255-AB00-03ED325B7E1C} = {D76DF521-D14E-4A59-89CD-88CD0CB51398}
		{80FE1CFD-A834-4319-A7A1-0625EE1D63D2} = {D76DF521-D14E-4A59-89CD-88CD0CB51398}
		{5BBE0426-41A3-49A4-821E-BAE61E7AB8AA} = {D76DF521-D14E-4A59-89CD-88CD0CB51398}
		{576BB6B1-EBF6-4D5C-909D-912D439ECCF5} = {D76DF521-D14E-4A59-89CD-88CD0CB51398}
	EndGlobalSection
EndGlobal
